
Microsoft Visual Studio Solution File, Format Version 12.00
# Visual Studio 15
VisualStudioVersion = 15.0.28010.2046
MinimumVisualStudioVersion = 10.0.40219.1
Project("{FAE04EC0-301F-11D3-BF4B-00C04F79EFBC}") = "sconto", "sconto\sconto.csproj", "{62FBEF4E-7277-4AB5-8E8E-E3A5A0A63E75}"
EndProject
Global
	GlobalSection(SolutionConfigurationPlatforms) = preSolution
		Debug|Any CPU = Debug|Any CPU
		Release|Any CPU = Release|Any CPU
	EndGlobalSection
	GlobalSection(ProjectConfigurationPlatforms) = postSolution
		{62FBEF4E-7277-4AB5-8E8E-E3A5A0A63E75}.Debug|Any CPU.ActiveCfg = Debug|Any CPU
		{62FBEF4E-7277-4AB5-8E8E-E3A5A0A63E75}.Debug|Any CPU.Build.0 = Debug|Any CPU
		{62FBEF4E-7277-4AB5-8E8E-E3A5A0A63E75}.Release|Any CPU.ActiveCfg = Release|Any CPU
		{62FBEF4E-7277-4AB5-8E8E-E3A5A0A63E75}.Release|Any CPU.Build.0 = Release|Any CPU
	EndGlobalSection
	GlobalSection(SolutionProperties) = preSolution
		HideSolutionNode = FALSE
	EndGlobalSection
	GlobalSection(ExtensibilityGlobals) = postSolution
		SolutionGuid = {317450EE-AD64-43F4-BC82-3538F513E3F6}
	EndGlobalSection
EndGlobal
